
Microsoft Visual Studio Solution File, Format Version 12.00
# Visual Studio 15
VisualStudioVersion = 15.0.27428.2037
MinimumVisualStudioVersion = 10.0.40219.1
Project("{FAE04EC0-301F-11D3-BF4B-00C04F79EFBC}") = "ClEngine", "ClEngine.csproj", "{D26FE764-D3BF-490E-9827-01196EDEE6ED}"
EndProject
Project("{FAE04EC0-301F-11D3-BF4B-00C04F79EFBC}") = "ClGame", "..\ClGame\ClGame.csproj", "{9EE3D4FF-ADF9-4435-8690-6D71C8E7C99D}"
EndProject
Project("{FAE04EC0-301F-11D3-BF4B-00C04F79EFBC}") = "2MGFX.Windows", "..\MonoGame\Tools\2MGFX\2MGFX.Windows.csproj", "{46474D32-2E58-6957-6E64-6F7773324D47}"
EndProject
Project("{FAE04EC0-301F-11D3-BF4B-00C04F79EFBC}") = "MGCB.Windows", "..\MonoGame\Tools\MGCB\MGCB.Windows.csproj", "{4243474D-572E-6E69-646F-77734D474342}"
EndProject
Project("{FAE04EC0-301F-11D3-BF4B-00C04F79EFBC}") = "MonoGame.Framework.Windows", "..\MonoGame\MonoGame.Framework\MonoGame.Framework.Windows.csproj", "{7DE47032-A904-4C29-BD22-2D235E8D91BA}"
EndProject
Project("{FAE04EC0-301F-11D3-BF4B-00C04F79EFBC}") = "MonoGame.Build.Tasks.Windows", "..\MonoGame\Tools\MonoGame.Build.Tasks\MonoGame.Build.Tasks.Windows.csproj", "{E2D9E2AE-B875-D3D6-92B1-ECDC6C642E54}"
EndProject
Project("{FAE04EC0-301F-11D3-BF4B-00C04F79EFBC}") = "ClEngine.Particle", "ClEngine.Particle.Wpf\ClEngine.Particle.csproj", "{1AC4AAEE-9E0A-46FD-8A94-483A25D8EF30}"
EndProject
Global
	GlobalSection(SolutionConfigurationPlatforms) = preSolution
		Debug|Any CPU = Debug|Any CPU
		Debug|x86 = Debug|x86
		Reference|Any CPU = Reference|Any CPU
		Reference|x86 = Reference|x86
		Release|Any CPU = Release|Any CPU
		Release|x86 = Release|x86
	EndGlobalSection
	GlobalSection(ProjectConfigurationPlatforms) = postSolution
		{D26FE764-D3BF-490E-9827-01196EDEE6ED}.Debug|Any CPU.ActiveCfg = Debug|Any CPU
		{D26FE764-D3BF-490E-9827-01196EDEE6ED}.Debug|Any CPU.Build.0 = Debug|Any CPU
		{D26FE764-D3BF-490E-9827-01196EDEE6ED}.Debug|x86.ActiveCfg = Debug|Any CPU
		{D26FE764-D3BF-490E-9827-01196EDEE6ED}.Debug|x86.Build.0 = Debug|Any CPU
		{D26FE764-D3BF-490E-9827-01196EDEE6ED}.Reference|Any CPU.ActiveCfg = Release|Any CPU
		{D26FE764-D3BF-490E-9827-01196EDEE6ED}.Reference|Any CPU.Build.0 = Release|Any CPU
		{D26FE764-D3BF-490E-9827-01196EDEE6ED}.Reference|x86.ActiveCfg = Release|Any CPU
		{D26FE764-D3BF-490E-9827-01196EDEE6ED}.Reference|x86.Build.0 = Release|Any CPU
		{D26FE764-D3BF-490E-9827-01196EDEE6ED}.Release|Any CPU.ActiveCfg = Release|Any CPU
		{D26FE764-D3BF-490E-9827-01196EDEE6ED}.Release|Any CPU.Build.0 = Release|Any CPU
		{D26FE764-D3BF-490E-9827-01196EDEE6ED}.Release|x86.ActiveCfg = Release|Any CPU
		{D26FE764-D3BF-490E-9827-01196EDEE6ED}.Release|x86.Build.0 = Release|Any CPU
		{9EE3D4FF-ADF9-4435-8690-6D71C8E7C99D}.Debug|Any CPU.ActiveCfg = Debug|x86
		{9EE3D4FF-ADF9-4435-8690-6D71C8E7C99D}.Debug|Any CPU.Build.0 = Debug|x86
		{9EE3D4FF-ADF9-4435-8690-6D71C8E7C99D}.Debug|x86.ActiveCfg = Debug|x86
		{9EE3D4FF-ADF9-4435-8690-6D71C8E7C99D}.Debug|x86.Build.0 = Debug|x86
		{9EE3D4FF-ADF9-4435-8690-6D71C8E7C99D}.Reference|Any CPU.ActiveCfg = Release|x86
		{9EE3D4FF-ADF9-4435-8690-6D71C8E7C99D}.Reference|Any CPU.Build.0 = Release|x86
		{9EE3D4FF-ADF9-4435-8690-6D71C8E7C99D}.Reference|x86.ActiveCfg = Release|x86
		{9EE3D4FF-ADF9-4435-8690-6D71C8E7C99D}.Reference|x86.Build.0 = Release|x86
		{9EE3D4FF-ADF9-4435-8690-6D71C8E7C99D}.Release|Any CPU.ActiveCfg = Release|x86
		{9EE3D4FF-ADF9-4435-8690-6D71C8E7C99D}.Release|x86.ActiveCfg = Release|x86
		{9EE3D4FF-ADF9-4435-8690-6D71C8E7C99D}.Release|x86.Build.0 = Release|x86
		{46474D32-2E58-6957-6E64-6F7773324D47}.Debug|Any CPU.ActiveCfg = Debug|Any CPU
		{46474D32-2E58-6957-6E64-6F7773324D47}.Debug|Any CPU.Build.0 = Debug|Any CPU
		{46474D32-2E58-6957-6E64-6F7773324D47}.Debug|x86.ActiveCfg = Debug|Any CPU
		{46474D32-2E58-6957-6E64-6F7773324D47}.Debug|x86.Build.0 = Debug|Any CPU
		{46474D32-2E58-6957-6E64-6F7773324D47}.Reference|Any CPU.ActiveCfg = Release|Any CPU
		{46474D32-2E58-6957-6E64-6F7773324D47}.Reference|Any CPU.Build.0 = Release|Any CPU
		{46474D32-2E58-6957-6E64-6F7773324D47}.Reference|x86.ActiveCfg = Release|Any CPU
		{46474D32-2E58-6957-6E64-6F7773324D47}.Reference|x86.Build.0 = Release|Any CPU
		{46474D32-2E58-6957-6E64-6F7773324D47}.Release|Any CPU.ActiveCfg = Release|Any CPU
		{46474D32-2E58-6957-6E64-6F7773324D47}.Release|Any CPU.Build.0 = Release|Any CPU
		{46474D32-2E58-6957-6E64-6F7773324D47}.Release|x86.ActiveCfg = Release|Any CPU
		{46474D32-2E58-6957-6E64-6F7773324D47}.Release|x86.Build.0 = Release|Any CPU
		{4243474D-572E-6E69-646F-77734D474342}.Debug|Any CPU.ActiveCfg = Debug|Any CPU
		{4243474D-572E-6E69-646F-77734D474342}.Debug|Any CPU.Build.0 = Debug|Any CPU
		{4243474D-572E-6E69-646F-77734D474342}.Debug|x86.ActiveCfg = Debug|Any CPU
		{4243474D-572E-6E69-646F-77734D474342}.Debug|x86.Build.0 = Debug|Any CPU
		{4243474D-572E-6E69-646F-77734D474342}.Reference|Any CPU.ActiveCfg = Release|Any CPU
		{4243474D-572E-6E69-646F-77734D474342}.Reference|Any CPU.Build.0 = Release|Any CPU
		{4243474D-572E-6E69-646F-77734D474342}.Reference|x86.ActiveCfg = Release|Any CPU
		{4243474D-572E-6E69-646F-77734D474342}.Reference|x86.Build.0 = Release|Any CPU
		{4243474D-572E-6E69-646F-77734D474342}.Release|Any CPU.ActiveCfg = Release|Any CPU
		{4243474D-572E-6E69-646F-77734D474342}.Release|Any CPU.Build.0 = Release|Any CPU
		{4243474D-572E-6E69-646F-77734D474342}.Release|x86.ActiveCfg = Release|Any CPU
		{4243474D-572E-6E69-646F-77734D474342}.Release|x86.Build.0 = Release|Any CPU
		{7DE47032-A904-4C29-BD22-2D235E8D91BA}.Debug|Any CPU.ActiveCfg = Debug|Any CPU
		{7DE47032-A904-4C29-BD22-2D235E8D91BA}.Debug|Any CPU.Build.0 = Debug|Any CPU
		{7DE47032-A904-4C29-BD22-2D235E8D91BA}.Debug|x86.ActiveCfg = Debug|Any CPU
		{7DE47032-A904-4C29-BD22-2D235E8D91BA}.Debug|x86.Build.0 = Debug|Any CPU
		{7DE47032-A904-4C29-BD22-2D235E8D91BA}.Reference|Any CPU.ActiveCfg = Release|Any CPU
		{7DE47032-A904-4C29-BD22-2D235E8D91BA}.Reference|Any CPU.Build.0 = Release|Any CPU
		{7DE47032-A904-4C29-BD22-2D235E8D91BA}.Reference|x86.ActiveCfg = Release|Any CPU
		{7DE47032-A904-4C29-BD22-2D235E8D91BA}.Reference|x86.Build.0 = Release|Any CPU
		{7DE47032-A904-4C29-BD22-2D235E8D91BA}.Release|Any CPU.ActiveCfg = Release|Any CPU
		{7DE47032-A904-4C29-BD22-2D235E8D91BA}.Release|Any CPU.Build.0 = Release|Any CPU
		{7DE47032-A904-4C29-BD22-2D235E8D91BA}.Release|x86.ActiveCfg = Release|Any CPU
		{7DE47032-A904-4C29-BD22-2D235E8D91BA}.Release|x86.Build.0 = Release|Any CPU
		{E2D9E2AE-B875-D3D6-92B1-ECDC6C642E54}.Debug|Any CPU.ActiveCfg = Debug|Any CPU
		{E2D9E2AE-B875-D3D6-92B1-ECDC6C642E54}.Debug|Any CPU.Build.0 = Debug|Any CPU
		{E2D9E2AE-B875-D3D6-92B1-ECDC6C642E54}.Debug|x86.ActiveCfg = Debug|Any CPU
		{E2D9E2AE-B875-D3D6-92B1-ECDC6C642E54}.Debug|x86.Build.0 = Debug|Any CPU
		{E2D9E2AE-B875-D3D6-92B1-ECDC6C642E54}.Reference|Any CPU.ActiveCfg = Release|Any CPU
		{E2D9E2AE-B875-D3D6-92B1-ECDC6C642E54}.Reference|Any CPU.Build.0 = Release|Any CPU
		{E2D9E2AE-B875-D3D6-92B1-ECDC6C642E54}.Reference|x86.ActiveCfg = Release|Any CPU
		{E2D9E2AE-B875-D3D6-92B1-ECDC6C642E54}.Reference|x86.Build.0 = Release|Any CPU
		{E2D9E2AE-B875-D3D6-92B1-ECDC6C642E54}.Release|Any CPU.ActiveCfg = Release|Any CPU
		{E2D9E2AE-B875-D3D6-92B1-ECDC6C642E54}.Release|Any CPU.Build.0 = Release|Any CPU
		{E2D9E2AE-B875-D3D6-92B1-ECDC6C642E54}.Release|x86.ActiveCfg = Release|Any CPU
		{E2D9E2AE-B875-D3D6-92B1-ECDC6C642E54}.Release|x86.Build.0 = Release|Any CPU
		{1AC4AAEE-9E0A-46FD-8A94-483A25D8EF30}.Debug|Any CPU.ActiveCfg = Debug|Any CPU
		{1AC4AAEE-9E0A-46FD-8A94-483A25D8EF30}.Debug|Any CPU.Build.0 = Debug|Any CPU
		{1AC4AAEE-9E0A-46FD-8A94-483A25D8EF30}.Debug|x86.ActiveCfg = Debug|Any CPU
		{1AC4AAEE-9E0A-46FD-8A94-483A25D8EF30}.Debug|x86.Build.0 = Debug|Any CPU
		{1AC4AAEE-9E0A-46FD-8A94-483A25D8EF30}.Reference|Any CPU.ActiveCfg = Release|Any CPU
		{1AC4AAEE-9E0A-46FD-8A94-483A25D8EF30}.Reference|Any CPU.Build.0 = Release|Any CPU
		{1AC4AAEE-9E0A-46FD-8A94-483A25D8EF30}.Reference|x86.ActiveCfg = Release|Any CPU
		{1AC4AAEE-9E0A-46FD-8A94-483A25D8EF30}.Reference|x86.Build.0 = Release|Any CPU
		{1AC4AAEE-9E0A-46FD-8A94-483A25D8EF30}.Release|Any CPU.ActiveCfg = Release|Any CPU
		{1AC4AAEE-9E0A-46FD-8A94-483A25D8EF30}.Release|Any CPU.Build.0 = Release|Any CPU
		{1AC4AAEE-9E0A-46FD-8A94-483A25D8EF30}.Release|x86.ActiveCfg = Release|Any CPU
		{1AC4AAEE-9E0A-46FD-8A94-483A25D8EF30}.Release|x86.Build.0 = Release|Any CPU
	EndGlobalSection
	GlobalSection(SolutionProperties) = preSolution
		HideSolutionNode = FALSE
	EndGlobalSection
	GlobalSection(ExtensibilityGlobals) = postSolution
		SolutionGuid = {EBCEB87F-9544-466F-ACA6-384CBA483731}
	EndGlobalSection
EndGlobal
