
Microsoft Visual Studio Solution File, Format Version 12.00
# Visual Studio 15
VisualStudioVersion = 15.0.27703.2000
MinimumVisualStudioVersion = 10.0.40219.1
Project("{FAE04EC0-301F-11D3-BF4B-00C04F79EFBC}") = "ClEngine.Core", "..\ClEngine.Core\ClEngine.Core.csproj", "{B1E937E2-FC62-43D9-B44E-32798AF19552}"
EndProject
Project("{FAE04EC0-301F-11D3-BF4B-00C04F79EFBC}") = "ClEngine.Particle", "..\ClEngine.Particle\ClEngine.Particle.csproj", "{7954C836-BB21-4E0F-8E70-0859B5B2117F}"
EndProject
Project("{FAE04EC0-301F-11D3-BF4B-00C04F79EFBC}") = "ClEngine.Tiled", "..\ClEngine.Tiled\ClEngine.Tiled.csproj", "{52B1DBF5-BB7B-4472-8B84-50179773504F}"
EndProject
Project("{FAE04EC0-301F-11D3-BF4B-00C04F79EFBC}") = "ClEngine", "ClEngine.csproj", "{F1907F69-314F-4CAF-890D-3DCE45B1621A}"
EndProject
Project("{FAE04EC0-301F-11D3-BF4B-00C04F79EFBC}") = "ClGame", "..\ClGame\ClGame.csproj", "{262362DB-0FCA-4537-97AE-BDE37C4446DD}"
EndProject
Project("{2150E333-8FDC-42A3-9474-1A3956D46DE8}") = "MonoGame", "MonoGame", "{BB51ED6D-A6E4-41D5-ACF6-429F77D32189}"
EndProject
Project("{2150E333-8FDC-42A3-9474-1A3956D46DE8}") = "MonoGame.Extended", "MonoGame.Extended", "{5F8DBCC2-C337-467D-933B-C149B081C11B}"
EndProject
Project("{2150E333-8FDC-42A3-9474-1A3956D46DE8}") = "MGLayers", "MGLayers", "{D97FB705-F3AD-40DD-BC75-5F03D4A29E45}"
EndProject
Project("{9A19103F-16F7-4668-BE54-9A1E7A4F7556}") = "MonoGame.Extended", "..\MonoGame.Extended\Source\MonoGame.Extended\MonoGame.Extended.csproj", "{24B5F484-A1E1-4304-AAC8-3A2C32F3431E}"
EndProject
Project("{9A19103F-16F7-4668-BE54-9A1E7A4F7556}") = "MonoGame.Extended.Animations", "..\MonoGame.Extended\Source\MonoGame.Extended.Animations\MonoGame.Extended.Animations.csproj", "{4C59730B-D044-41EC-82C8-12323C3963A3}"
EndProject
Project("{9A19103F-16F7-4668-BE54-9A1E7A4F7556}") = "MonoGame.Extended.Content.Pipeline", "..\MonoGame.Extended\Source\MonoGame.Extended.Content.Pipeline\MonoGame.Extended.Content.Pipeline.csproj", "{F5C90493-AE59-4776-9AE0-0C0328C7C402}"
EndProject
Project("{9A19103F-16F7-4668-BE54-9A1E7A4F7556}") = "MonoGame.Extended.Graphics", "..\MonoGame.Extended\Source\MonoGame.Extended.Graphics\MonoGame.Extended.Graphics.csproj", "{9BF5E6B3-9380-4862-B733-8BCDB8FC02B6}"
EndProject
Project("{9A19103F-16F7-4668-BE54-9A1E7A4F7556}") = "MonoGame.Extended.SceneGraphs", "..\MonoGame.Extended\Source\MonoGame.Extended.SceneGraphs\MonoGame.Extended.SceneGraphs.csproj", "{B59F8D5A-2CD5-46C5-A22A-62B2CA0DAFCD}"
EndProject
Project("{FAE04EC0-301F-11D3-BF4B-00C04F79EFBC}") = "MonoGame.Framework.Windows", "..\MonoGame\MonoGame.Framework\MonoGame.Framework.Windows.csproj", "{7DE47032-A904-4C29-BD22-2D235E8D91BA}"
EndProject
Project("{FAE04EC0-301F-11D3-BF4B-00C04F79EFBC}") = "MonoGame.Framework.Net.Windows", "..\MonoGame\MonoGame.Framework\MonoGame.Framework.Net.Windows.csproj", "{87A71215-7CAC-4B80-9D43-1700DECFB828}"
EndProject
Project("{FAE04EC0-301F-11D3-BF4B-00C04F79EFBC}") = "2MGFX.Windows", "..\MonoGame\Tools\2MGFX\2MGFX.Windows.csproj", "{46474D32-2E58-6957-6E64-6F7773324D47}"
EndProject
Project("{FAE04EC0-301F-11D3-BF4B-00C04F79EFBC}") = "MGCB.Windows", "..\MonoGame\Tools\MGCB\MGCB.Windows.csproj", "{4243474D-572E-6E69-646F-77734D474342}"
EndProject
Project("{FAE04EC0-301F-11D3-BF4B-00C04F79EFBC}") = "MonoGame.Build.Tasks.Windows", "..\MonoGame\Tools\MonoGame.Build.Tasks\MonoGame.Build.Tasks.Windows.csproj", "{E2D9E2AE-B875-D3D6-92B1-ECDC6C642E54}"
EndProject
Project("{9A19103F-16F7-4668-BE54-9A1E7A4F7556}") = "FFAssetPack", "..\MGLayers\MGLayers\FFAssetPack\FFAssetPack.csproj", "{E100BB75-F1B3-466D-AE75-787762623928}"
EndProject
Project("{9A19103F-16F7-4668-BE54-9A1E7A4F7556}") = "MGLayers", "..\MGLayers\MGLayers\MGLayers\MGLayers.csproj", "{40735DB6-0F84-4669-9059-DE9193CACE97}"
EndProject
Project("{2150E333-8FDC-42A3-9474-1A3956D46DE8}") = "FSMSharp", "FSMSharp", "{C8437275-41D2-42D4-A153-8678FA957468}"
EndProject
Project("{FAE04EC0-301F-11D3-BF4B-00C04F79EFBC}") = "FSMSharp", "..\FSMsharp\src\FSMSharp\FSMSharp\FSMSharp.csproj", "{B6896C0B-808F-4FD6-971B-EB23E3061097}"
EndProject
Project("{9A19103F-16F7-4668-BE54-9A1E7A4F7556}") = "MonoGame.Extended.Tiled", "..\MonoGame.Extended\Source\MonoGame.Extended.Tiled\MonoGame.Extended.Tiled.csproj", "{FF6E0017-D07A-427B-BBEE-98BC143FF16E}"
EndProject
Project("{FAE04EC0-301F-11D3-BF4B-00C04F79EFBC}") = "MonoGame.Framework.Content.Pipeline.Windows", "..\MonoGame\MonoGame.Framework.Content.Pipeline\MonoGame.Framework.Content.Pipeline.Windows.csproj", "{B950DE10-AC5D-4BD9-B817-51247C4A732D}"
EndProject
Project("{FAE04EC0-301F-11D3-BF4B-00C04F79EFBC}") = "Lidgren.Network.Windows", "..\MonoGame\ThirdParty\Lidgren.Network\Lidgren.Network.Windows.csproj", "{AE483C29-042E-4226-BA52-D247CE7676DA}"
EndProject
Project("{2150E333-8FDC-42A3-9474-1A3956D46DE8}") = "AvalonEdit", "AvalonEdit", "{AA5129B4-036D-42D6-8950-1144E8131BD3}"
EndProject
Project("{FAE04EC0-301F-11D3-BF4B-00C04F79EFBC}") = "ICSharpCode.AvalonEdit", "..\AvalonEdit\ICSharpCode.AvalonEdit\ICSharpCode.AvalonEdit.csproj", "{6C55B776-26D4-4DB3-A6AB-87E783B2F3D1}"
EndProject
Project("{FAE04EC0-301F-11D3-BF4B-00C04F79EFBC}") = "DirectxGame", "..\DirectxGame\DirectxGame.csproj", "{B06E505C-EFEA-437A-87E9-A18E856DB779}"
EndProject
Project("{2150E333-8FDC-42A3-9474-1A3956D46DE8}") = "WpfInterop", "WpfInterop", "{0E10A6BE-5220-4350-BC3F-3BE29D013FC2}"
EndProject
Project("{FAE04EC0-301F-11D3-BF4B-00C04F79EFBC}") = "MonoGame.Framework.WpfInterop", "..\MonoGame.Framework.WpfInterop\MonoGame.Framework.WpfInterop\MonoGame.Framework.WpfInterop.csproj", "{809F0D79-AEDC-4754-A213-FDBE97CCD6D6}"
EndProject
Global
	GlobalSection(SolutionConfigurationPlatforms) = preSolution
		Debug|Any CPU = Debug|Any CPU
		Debug|Net35 = Debug|Net35
		Debug|Net40 = Debug|Net40
		Debug|WithNRefactory = Debug|WithNRefactory
		Debug|x86 = Debug|x86
		Release|Any CPU = Release|Any CPU
		Release|Net35 = Release|Net35
		Release|Net40 = Release|Net40
		Release|WithNRefactory = Release|WithNRefactory
		Release|x86 = Release|x86
	EndGlobalSection
	GlobalSection(ProjectConfigurationPlatforms) = postSolution
		{B1E937E2-FC62-43D9-B44E-32798AF19552}.Debug|Any CPU.ActiveCfg = Debug|Any CPU
		{B1E937E2-FC62-43D9-B44E-32798AF19552}.Debug|Any CPU.Build.0 = Debug|Any CPU
		{B1E937E2-FC62-43D9-B44E-32798AF19552}.Debug|Net35.ActiveCfg = Debug|Any CPU
		{B1E937E2-FC62-43D9-B44E-32798AF19552}.Debug|Net35.Build.0 = Debug|Any CPU
		{B1E937E2-FC62-43D9-B44E-32798AF19552}.Debug|Net40.ActiveCfg = Debug|Any CPU
		{B1E937E2-FC62-43D9-B44E-32798AF19552}.Debug|Net40.Build.0 = Debug|Any CPU
		{B1E937E2-FC62-43D9-B44E-32798AF19552}.Debug|WithNRefactory.ActiveCfg = Debug|Any CPU
		{B1E937E2-FC62-43D9-B44E-32798AF19552}.Debug|WithNRefactory.Build.0 = Debug|Any CPU
		{B1E937E2-FC62-43D9-B44E-32798AF19552}.Debug|x86.ActiveCfg = Debug|Any CPU
		{B1E937E2-FC62-43D9-B44E-32798AF19552}.Debug|x86.Build.0 = Debug|Any CPU
		{B1E937E2-FC62-43D9-B44E-32798AF19552}.Release|Any CPU.ActiveCfg = Release|Any CPU
		{B1E937E2-FC62-43D9-B44E-32798AF19552}.Release|Any CPU.Build.0 = Release|Any CPU
		{B1E937E2-FC62-43D9-B44E-32798AF19552}.Release|Net35.ActiveCfg = Release|Any CPU
		{B1E937E2-FC62-43D9-B44E-32798AF19552}.Release|Net35.Build.0 = Release|Any CPU
		{B1E937E2-FC62-43D9-B44E-32798AF19552}.Release|Net40.ActiveCfg = Release|Any CPU
		{B1E937E2-FC62-43D9-B44E-32798AF19552}.Release|Net40.Build.0 = Release|Any CPU
		{B1E937E2-FC62-43D9-B44E-32798AF19552}.Release|WithNRefactory.ActiveCfg = Release|Any CPU
		{B1E937E2-FC62-43D9-B44E-32798AF19552}.Release|WithNRefactory.Build.0 = Release|Any CPU
		{B1E937E2-FC62-43D9-B44E-32798AF19552}.Release|x86.ActiveCfg = Release|Any CPU
		{B1E937E2-FC62-43D9-B44E-32798AF19552}.Release|x86.Build.0 = Release|Any CPU
		{7954C836-BB21-4E0F-8E70-0859B5B2117F}.Debug|Any CPU.ActiveCfg = Debug|Any CPU
		{7954C836-BB21-4E0F-8E70-0859B5B2117F}.Debug|Any CPU.Build.0 = Debug|Any CPU
		{7954C836-BB21-4E0F-8E70-0859B5B2117F}.Debug|Net35.ActiveCfg = Debug|Any CPU
		{7954C836-BB21-4E0F-8E70-0859B5B2117F}.Debug|Net35.Build.0 = Debug|Any CPU
		{7954C836-BB21-4E0F-8E70-0859B5B2117F}.Debug|Net40.ActiveCfg = Debug|Any CPU
		{7954C836-BB21-4E0F-8E70-0859B5B2117F}.Debug|Net40.Build.0 = Debug|Any CPU
		{7954C836-BB21-4E0F-8E70-0859B5B2117F}.Debug|WithNRefactory.ActiveCfg = Debug|Any CPU
		{7954C836-BB21-4E0F-8E70-0859B5B2117F}.Debug|WithNRefactory.Build.0 = Debug|Any CPU
		{7954C836-BB21-4E0F-8E70-0859B5B2117F}.Debug|x86.ActiveCfg = Debug|Any CPU
		{7954C836-BB21-4E0F-8E70-0859B5B2117F}.Debug|x86.Build.0 = Debug|Any CPU
		{7954C836-BB21-4E0F-8E70-0859B5B2117F}.Release|Any CPU.ActiveCfg = Release|Any CPU
		{7954C836-BB21-4E0F-8E70-0859B5B2117F}.Release|Any CPU.Build.0 = Release|Any CPU
		{7954C836-BB21-4E0F-8E70-0859B5B2117F}.Release|Net35.ActiveCfg = Release|Any CPU
		{7954C836-BB21-4E0F-8E70-0859B5B2117F}.Release|Net35.Build.0 = Release|Any CPU
		{7954C836-BB21-4E0F-8E70-0859B5B2117F}.Release|Net40.ActiveCfg = Release|Any CPU
		{7954C836-BB21-4E0F-8E70-0859B5B2117F}.Release|Net40.Build.0 = Release|Any CPU
		{7954C836-BB21-4E0F-8E70-0859B5B2117F}.Release|WithNRefactory.ActiveCfg = Release|Any CPU
		{7954C836-BB21-4E0F-8E70-0859B5B2117F}.Release|WithNRefactory.Build.0 = Release|Any CPU
		{7954C836-BB21-4E0F-8E70-0859B5B2117F}.Release|x86.ActiveCfg = Release|Any CPU
		{7954C836-BB21-4E0F-8E70-0859B5B2117F}.Release|x86.Build.0 = Release|Any CPU
		{52B1DBF5-BB7B-4472-8B84-50179773504F}.Debug|Any CPU.ActiveCfg = Debug|Any CPU
		{52B1DBF5-BB7B-4472-8B84-50179773504F}.Debug|Any CPU.Build.0 = Debug|Any CPU
		{52B1DBF5-BB7B-4472-8B84-50179773504F}.Debug|Net35.ActiveCfg = Debug|Any CPU
		{52B1DBF5-BB7B-4472-8B84-50179773504F}.Debug|Net35.Build.0 = Debug|Any CPU
		{52B1DBF5-BB7B-4472-8B84-50179773504F}.Debug|Net40.ActiveCfg = Debug|Any CPU
		{52B1DBF5-BB7B-4472-8B84-50179773504F}.Debug|Net40.Build.0 = Debug|Any CPU
		{52B1DBF5-BB7B-4472-8B84-50179773504F}.Debug|WithNRefactory.ActiveCfg = Debug|Any CPU
		{52B1DBF5-BB7B-4472-8B84-50179773504F}.Debug|WithNRefactory.Build.0 = Debug|Any CPU
		{52B1DBF5-BB7B-4472-8B84-50179773504F}.Debug|x86.ActiveCfg = Debug|Any CPU
		{52B1DBF5-BB7B-4472-8B84-50179773504F}.Debug|x86.Build.0 = Debug|Any CPU
		{52B1DBF5-BB7B-4472-8B84-50179773504F}.Release|Any CPU.ActiveCfg = Release|Any CPU
		{52B1DBF5-BB7B-4472-8B84-50179773504F}.Release|Any CPU.Build.0 = Release|Any CPU
		{52B1DBF5-BB7B-4472-8B84-50179773504F}.Release|Net35.ActiveCfg = Release|Any CPU
		{52B1DBF5-BB7B-4472-8B84-50179773504F}.Release|Net35.Build.0 = Release|Any CPU
		{52B1DBF5-BB7B-4472-8B84-50179773504F}.Release|Net40.ActiveCfg = Release|Any CPU
		{52B1DBF5-BB7B-4472-8B84-50179773504F}.Release|Net40.Build.0 = Release|Any CPU
		{52B1DBF5-BB7B-4472-8B84-50179773504F}.Release|WithNRefactory.ActiveCfg = Release|Any CPU
		{52B1DBF5-BB7B-4472-8B84-50179773504F}.Release|WithNRefactory.Build.0 = Release|Any CPU
		{52B1DBF5-BB7B-4472-8B84-50179773504F}.Release|x86.ActiveCfg = Release|Any CPU
		{52B1DBF5-BB7B-4472-8B84-50179773504F}.Release|x86.Build.0 = Release|Any CPU
		{F1907F69-314F-4CAF-890D-3DCE45B1621A}.Debug|Any CPU.ActiveCfg = Debug|Any CPU
		{F1907F69-314F-4CAF-890D-3DCE45B1621A}.Debug|Any CPU.Build.0 = Debug|Any CPU
		{F1907F69-314F-4CAF-890D-3DCE45B1621A}.Debug|Net35.ActiveCfg = Debug|Any CPU
		{F1907F69-314F-4CAF-890D-3DCE45B1621A}.Debug|Net35.Build.0 = Debug|Any CPU
		{F1907F69-314F-4CAF-890D-3DCE45B1621A}.Debug|Net40.ActiveCfg = Debug|Any CPU
		{F1907F69-314F-4CAF-890D-3DCE45B1621A}.Debug|Net40.Build.0 = Debug|Any CPU
		{F1907F69-314F-4CAF-890D-3DCE45B1621A}.Debug|WithNRefactory.ActiveCfg = Debug|Any CPU
		{F1907F69-314F-4CAF-890D-3DCE45B1621A}.Debug|WithNRefactory.Build.0 = Debug|Any CPU
		{F1907F69-314F-4CAF-890D-3DCE45B1621A}.Debug|x86.ActiveCfg = Debug|Any CPU
		{F1907F69-314F-4CAF-890D-3DCE45B1621A}.Debug|x86.Build.0 = Debug|Any CPU
		{F1907F69-314F-4CAF-890D-3DCE45B1621A}.Release|Any CPU.ActiveCfg = Release|Any CPU
		{F1907F69-314F-4CAF-890D-3DCE45B1621A}.Release|Any CPU.Build.0 = Release|Any CPU
		{F1907F69-314F-4CAF-890D-3DCE45B1621A}.Release|Net35.ActiveCfg = Release|Any CPU
		{F1907F69-314F-4CAF-890D-3DCE45B1621A}.Release|Net35.Build.0 = Release|Any CPU
		{F1907F69-314F-4CAF-890D-3DCE45B1621A}.Release|Net40.ActiveCfg = Release|Any CPU
		{F1907F69-314F-4CAF-890D-3DCE45B1621A}.Release|Net40.Build.0 = Release|Any CPU
		{F1907F69-314F-4CAF-890D-3DCE45B1621A}.Release|WithNRefactory.ActiveCfg = Release|Any CPU
		{F1907F69-314F-4CAF-890D-3DCE45B1621A}.Release|WithNRefactory.Build.0 = Release|Any CPU
		{F1907F69-314F-4CAF-890D-3DCE45B1621A}.Release|x86.ActiveCfg = Release|Any CPU
		{F1907F69-314F-4CAF-890D-3DCE45B1621A}.Release|x86.Build.0 = Release|Any CPU
		{262362DB-0FCA-4537-97AE-BDE37C4446DD}.Debug|Any CPU.ActiveCfg = Debug|Any CPU
		{262362DB-0FCA-4537-97AE-BDE37C4446DD}.Debug|Any CPU.Build.0 = Debug|Any CPU
		{262362DB-0FCA-4537-97AE-BDE37C4446DD}.Debug|Net35.ActiveCfg = Debug|Any CPU
		{262362DB-0FCA-4537-97AE-BDE37C4446DD}.Debug|Net35.Build.0 = Debug|Any CPU
		{262362DB-0FCA-4537-97AE-BDE37C4446DD}.Debug|Net40.ActiveCfg = Debug|Any CPU
		{262362DB-0FCA-4537-97AE-BDE37C4446DD}.Debug|Net40.Build.0 = Debug|Any CPU
		{262362DB-0FCA-4537-97AE-BDE37C4446DD}.Debug|WithNRefactory.ActiveCfg = Debug|Any CPU
		{262362DB-0FCA-4537-97AE-BDE37C4446DD}.Debug|WithNRefactory.Build.0 = Debug|Any CPU
		{262362DB-0FCA-4537-97AE-BDE37C4446DD}.Debug|x86.ActiveCfg = Debug|Any CPU
		{262362DB-0FCA-4537-97AE-BDE37C4446DD}.Debug|x86.Build.0 = Debug|Any CPU
		{262362DB-0FCA-4537-97AE-BDE37C4446DD}.Release|Any CPU.ActiveCfg = Release|Any CPU
		{262362DB-0FCA-4537-97AE-BDE37C4446DD}.Release|Any CPU.Build.0 = Release|Any CPU
		{262362DB-0FCA-4537-97AE-BDE37C4446DD}.Release|Net35.ActiveCfg = Release|Any CPU
		{262362DB-0FCA-4537-97AE-BDE37C4446DD}.Release|Net35.Build.0 = Release|Any CPU
		{262362DB-0FCA-4537-97AE-BDE37C4446DD}.Release|Net40.ActiveCfg = Release|Any CPU
		{262362DB-0FCA-4537-97AE-BDE37C4446DD}.Release|Net40.Build.0 = Release|Any CPU
		{262362DB-0FCA-4537-97AE-BDE37C4446DD}.Release|WithNRefactory.ActiveCfg = Release|Any CPU
		{262362DB-0FCA-4537-97AE-BDE37C4446DD}.Release|WithNRefactory.Build.0 = Release|Any CPU
		{262362DB-0FCA-4537-97AE-BDE37C4446DD}.Release|x86.ActiveCfg = Release|Any CPU
		{262362DB-0FCA-4537-97AE-BDE37C4446DD}.Release|x86.Build.0 = Release|Any CPU
		{24B5F484-A1E1-4304-AAC8-3A2C32F3431E}.Debug|Any CPU.ActiveCfg = Debug|Any CPU
		{24B5F484-A1E1-4304-AAC8-3A2C32F3431E}.Debug|Any CPU.Build.0 = Debug|Any CPU
		{24B5F484-A1E1-4304-AAC8-3A2C32F3431E}.Debug|Net35.ActiveCfg = Debug|Any CPU
		{24B5F484-A1E1-4304-AAC8-3A2C32F3431E}.Debug|Net35.Build.0 = Debug|Any CPU
		{24B5F484-A1E1-4304-AAC8-3A2C32F3431E}.Debug|Net40.ActiveCfg = Debug|Any CPU
		{24B5F484-A1E1-4304-AAC8-3A2C32F3431E}.Debug|Net40.Build.0 = Debug|Any CPU
		{24B5F484-A1E1-4304-AAC8-3A2C32F3431E}.Debug|WithNRefactory.ActiveCfg = Debug|Any CPU
		{24B5F484-A1E1-4304-AAC8-3A2C32F3431E}.Debug|WithNRefactory.Build.0 = Debug|Any CPU
		{24B5F484-A1E1-4304-AAC8-3A2C32F3431E}.Debug|x86.ActiveCfg = Debug|Any CPU
		{24B5F484-A1E1-4304-AAC8-3A2C32F3431E}.Debug|x86.Build.0 = Debug|Any CPU
		{24B5F484-A1E1-4304-AAC8-3A2C32F3431E}.Release|Any CPU.ActiveCfg = Release|Any CPU
		{24B5F484-A1E1-4304-AAC8-3A2C32F3431E}.Release|Any CPU.Build.0 = Release|Any CPU
		{24B5F484-A1E1-4304-AAC8-3A2C32F3431E}.Release|Net35.ActiveCfg = Release|Any CPU
		{24B5F484-A1E1-4304-AAC8-3A2C32F3431E}.Release|Net35.Build.0 = Release|Any CPU
		{24B5F484-A1E1-4304-AAC8-3A2C32F3431E}.Release|Net40.ActiveCfg = Release|Any CPU
		{24B5F484-A1E1-4304-AAC8-3A2C32F3431E}.Release|Net40.Build.0 = Release|Any CPU
		{24B5F484-A1E1-4304-AAC8-3A2C32F3431E}.Release|WithNRefactory.ActiveCfg = Release|Any CPU
		{24B5F484-A1E1-4304-AAC8-3A2C32F3431E}.Release|WithNRefactory.Build.0 = Release|Any CPU
		{24B5F484-A1E1-4304-AAC8-3A2C32F3431E}.Release|x86.ActiveCfg = Release|Any CPU
		{24B5F484-A1E1-4304-AAC8-3A2C32F3431E}.Release|x86.Build.0 = Release|Any CPU
		{4C59730B-D044-41EC-82C8-12323C3963A3}.Debug|Any CPU.ActiveCfg = Debug|Any CPU
		{4C59730B-D044-41EC-82C8-12323C3963A3}.Debug|Any CPU.Build.0 = Debug|Any CPU
		{4C59730B-D044-41EC-82C8-12323C3963A3}.Debug|Net35.ActiveCfg = Debug|Any CPU
		{4C59730B-D044-41EC-82C8-12323C3963A3}.Debug|Net35.Build.0 = Debug|Any CPU
		{4C59730B-D044-41EC-82C8-12323C3963A3}.Debug|Net40.ActiveCfg = Debug|Any CPU
		{4C59730B-D044-41EC-82C8-12323C3963A3}.Debug|Net40.Build.0 = Debug|Any CPU
		{4C59730B-D044-41EC-82C8-12323C3963A3}.Debug|WithNRefactory.ActiveCfg = Debug|Any CPU
		{4C59730B-D044-41EC-82C8-12323C3963A3}.Debug|WithNRefactory.Build.0 = Debug|Any CPU
		{4C59730B-D044-41EC-82C8-12323C3963A3}.Debug|x86.ActiveCfg = Debug|Any CPU
		{4C59730B-D044-41EC-82C8-12323C3963A3}.Debug|x86.Build.0 = Debug|Any CPU
		{4C59730B-D044-41EC-82C8-12323C3963A3}.Release|Any CPU.ActiveCfg = Release|Any CPU
		{4C59730B-D044-41EC-82C8-12323C3963A3}.Release|Any CPU.Build.0 = Release|Any CPU
		{4C59730B-D044-41EC-82C8-12323C3963A3}.Release|Net35.ActiveCfg = Release|Any CPU
		{4C59730B-D044-41EC-82C8-12323C3963A3}.Release|Net35.Build.0 = Release|Any CPU
		{4C59730B-D044-41EC-82C8-12323C3963A3}.Release|Net40.ActiveCfg = Release|Any CPU
		{4C59730B-D044-41EC-82C8-12323C3963A3}.Release|Net40.Build.0 = Release|Any CPU
		{4C59730B-D044-41EC-82C8-12323C3963A3}.Release|WithNRefactory.ActiveCfg = Release|Any CPU
		{4C59730B-D044-41EC-82C8-12323C3963A3}.Release|WithNRefactory.Build.0 = Release|Any CPU
		{4C59730B-D044-41EC-82C8-12323C3963A3}.Release|x86.ActiveCfg = Release|Any CPU
		{4C59730B-D044-41EC-82C8-12323C3963A3}.Release|x86.Build.0 = Release|Any CPU
		{F5C90493-AE59-4776-9AE0-0C0328C7C402}.Debug|Any CPU.ActiveCfg = Debug|Any CPU
		{F5C90493-AE59-4776-9AE0-0C0328C7C402}.Debug|Any CPU.Build.0 = Debug|Any CPU
		{F5C90493-AE59-4776-9AE0-0C0328C7C402}.Debug|Net35.ActiveCfg = Debug|Any CPU
		{F5C90493-AE59-4776-9AE0-0C0328C7C402}.Debug|Net35.Build.0 = Debug|Any CPU
		{F5C90493-AE59-4776-9AE0-0C0328C7C402}.Debug|Net40.ActiveCfg = Debug|Any CPU
		{F5C90493-AE59-4776-9AE0-0C0328C7C402}.Debug|Net40.Build.0 = Debug|Any CPU
		{F5C90493-AE59-4776-9AE0-0C0328C7C402}.Debug|WithNRefactory.ActiveCfg = Debug|Any CPU
		{F5C90493-AE59-4776-9AE0-0C0328C7C402}.Debug|WithNRefactory.Build.0 = Debug|Any CPU
		{F5C90493-AE59-4776-9AE0-0C0328C7C402}.Debug|x86.ActiveCfg = Debug|Any CPU
		{F5C90493-AE59-4776-9AE0-0C0328C7C402}.Debug|x86.Build.0 = Debug|Any CPU
		{F5C90493-AE59-4776-9AE0-0C0328C7C402}.Release|Any CPU.ActiveCfg = Release|Any CPU
		{F5C90493-AE59-4776-9AE0-0C0328C7C402}.Release|Any CPU.Build.0 = Release|Any CPU
		{F5C90493-AE59-4776-9AE0-0C0328C7C402}.Release|Net35.ActiveCfg = Release|Any CPU
		{F5C90493-AE59-4776-9AE0-0C0328C7C402}.Release|Net35.Build.0 = Release|Any CPU
		{F5C90493-AE59-4776-9AE0-0C0328C7C402}.Release|Net40.ActiveCfg = Release|Any CPU
		{F5C90493-AE59-4776-9AE0-0C0328C7C402}.Release|Net40.Build.0 = Release|Any CPU
		{F5C90493-AE59-4776-9AE0-0C0328C7C402}.Release|WithNRefactory.ActiveCfg = Release|Any CPU
		{F5C90493-AE59-4776-9AE0-0C0328C7C402}.Release|WithNRefactory.Build.0 = Release|Any CPU
		{F5C90493-AE59-4776-9AE0-0C0328C7C402}.Release|x86.ActiveCfg = Release|Any CPU
		{F5C90493-AE59-4776-9AE0-0C0328C7C402}.Release|x86.Build.0 = Release|Any CPU
		{9BF5E6B3-9380-4862-B733-8BCDB8FC02B6}.Debug|Any CPU.ActiveCfg = Debug|Any CPU
		{9BF5E6B3-9380-4862-B733-8BCDB8FC02B6}.Debug|Any CPU.Build.0 = Debug|Any CPU
		{9BF5E6B3-9380-4862-B733-8BCDB8FC02B6}.Debug|Net35.ActiveCfg = Debug|Any CPU
		{9BF5E6B3-9380-4862-B733-8BCDB8FC02B6}.Debug|Net35.Build.0 = Debug|Any CPU
		{9BF5E6B3-9380-4862-B733-8BCDB8FC02B6}.Debug|Net40.ActiveCfg = Debug|Any CPU
		{9BF5E6B3-9380-4862-B733-8BCDB8FC02B6}.Debug|Net40.Build.0 = Debug|Any CPU
		{9BF5E6B3-9380-4862-B733-8BCDB8FC02B6}.Debug|WithNRefactory.ActiveCfg = Debug|Any CPU
		{9BF5E6B3-9380-4862-B733-8BCDB8FC02B6}.Debug|WithNRefactory.Build.0 = Debug|Any CPU
		{9BF5E6B3-9380-4862-B733-8BCDB8FC02B6}.Debug|x86.ActiveCfg = Debug|Any CPU
		{9BF5E6B3-9380-4862-B733-8BCDB8FC02B6}.Debug|x86.Build.0 = Debug|Any CPU
		{9BF5E6B3-9380-4862-B733-8BCDB8FC02B6}.Release|Any CPU.ActiveCfg = Release|Any CPU
		{9BF5E6B3-9380-4862-B733-8BCDB8FC02B6}.Release|Any CPU.Build.0 = Release|Any CPU
		{9BF5E6B3-9380-4862-B733-8BCDB8FC02B6}.Release|Net35.ActiveCfg = Release|Any CPU
		{9BF5E6B3-9380-4862-B733-8BCDB8FC02B6}.Release|Net35.Build.0 = Release|Any CPU
		{9BF5E6B3-9380-4862-B733-8BCDB8FC02B6}.Release|Net40.ActiveCfg = Release|Any CPU
		{9BF5E6B3-9380-4862-B733-8BCDB8FC02B6}.Release|Net40.Build.0 = Release|Any CPU
		{9BF5E6B3-9380-4862-B733-8BCDB8FC02B6}.Release|WithNRefactory.ActiveCfg = Release|Any CPU
		{9BF5E6B3-9380-4862-B733-8BCDB8FC02B6}.Release|WithNRefactory.Build.0 = Release|Any CPU
		{9BF5E6B3-9380-4862-B733-8BCDB8FC02B6}.Release|x86.ActiveCfg = Release|Any CPU
		{9BF5E6B3-9380-4862-B733-8BCDB8FC02B6}.Release|x86.Build.0 = Release|Any CPU
		{B59F8D5A-2CD5-46C5-A22A-62B2CA0DAFCD}.Debug|Any CPU.ActiveCfg = Debug|Any CPU
		{B59F8D5A-2CD5-46C5-A22A-62B2CA0DAFCD}.Debug|Any CPU.Build.0 = Debug|Any CPU
		{B59F8D5A-2CD5-46C5-A22A-62B2CA0DAFCD}.Debug|Net35.ActiveCfg = Debug|Any CPU
		{B59F8D5A-2CD5-46C5-A22A-62B2CA0DAFCD}.Debug|Net35.Build.0 = Debug|Any CPU
		{B59F8D5A-2CD5-46C5-A22A-62B2CA0DAFCD}.Debug|Net40.ActiveCfg = Debug|Any CPU
		{B59F8D5A-2CD5-46C5-A22A-62B2CA0DAFCD}.Debug|Net40.Build.0 = Debug|Any CPU
		{B59F8D5A-2CD5-46C5-A22A-62B2CA0DAFCD}.Debug|WithNRefactory.ActiveCfg = Debug|Any CPU
		{B59F8D5A-2CD5-46C5-A22A-62B2CA0DAFCD}.Debug|WithNRefactory.Build.0 = Debug|Any CPU
		{B59F8D5A-2CD5-46C5-A22A-62B2CA0DAFCD}.Debug|x86.ActiveCfg = Debug|Any CPU
		{B59F8D5A-2CD5-46C5-A22A-62B2CA0DAFCD}.Debug|x86.Build.0 = Debug|Any CPU
		{B59F8D5A-2CD5-46C5-A22A-62B2CA0DAFCD}.Release|Any CPU.ActiveCfg = Release|Any CPU
		{B59F8D5A-2CD5-46C5-A22A-62B2CA0DAFCD}.Release|Any CPU.Build.0 = Release|Any CPU
		{B59F8D5A-2CD5-46C5-A22A-62B2CA0DAFCD}.Release|Net35.ActiveCfg = Release|Any CPU
		{B59F8D5A-2CD5-46C5-A22A-62B2CA0DAFCD}.Release|Net35.Build.0 = Release|Any CPU
		{B59F8D5A-2CD5-46C5-A22A-62B2CA0DAFCD}.Release|Net40.ActiveCfg = Release|Any CPU
		{B59F8D5A-2CD5-46C5-A22A-62B2CA0DAFCD}.Release|Net40.Build.0 = Release|Any CPU
		{B59F8D5A-2CD5-46C5-A22A-62B2CA0DAFCD}.Release|WithNRefactory.ActiveCfg = Release|Any CPU
		{B59F8D5A-2CD5-46C5-A22A-62B2CA0DAFCD}.Release|WithNRefactory.Build.0 = Release|Any CPU
		{B59F8D5A-2CD5-46C5-A22A-62B2CA0DAFCD}.Release|x86.ActiveCfg = Release|Any CPU
		{B59F8D5A-2CD5-46C5-A22A-62B2CA0DAFCD}.Release|x86.Build.0 = Release|Any CPU
		{7DE47032-A904-4C29-BD22-2D235E8D91BA}.Debug|Any CPU.ActiveCfg = Debug|Any CPU
		{7DE47032-A904-4C29-BD22-2D235E8D91BA}.Debug|Any CPU.Build.0 = Debug|Any CPU
		{7DE47032-A904-4C29-BD22-2D235E8D91BA}.Debug|Net35.ActiveCfg = Debug|Any CPU
		{7DE47032-A904-4C29-BD22-2D235E8D91BA}.Debug|Net35.Build.0 = Debug|Any CPU
		{7DE47032-A904-4C29-BD22-2D235E8D91BA}.Debug|Net40.ActiveCfg = Debug|Any CPU
		{7DE47032-A904-4C29-BD22-2D235E8D91BA}.Debug|Net40.Build.0 = Debug|Any CPU
		{7DE47032-A904-4C29-BD22-2D235E8D91BA}.Debug|WithNRefactory.ActiveCfg = Debug|Any CPU
		{7DE47032-A904-4C29-BD22-2D235E8D91BA}.Debug|WithNRefactory.Build.0 = Debug|Any CPU
		{7DE47032-A904-4C29-BD22-2D235E8D91BA}.Debug|x86.ActiveCfg = Debug|Any CPU
		{7DE47032-A904-4C29-BD22-2D235E8D91BA}.Debug|x86.Build.0 = Debug|Any CPU
		{7DE47032-A904-4C29-BD22-2D235E8D91BA}.Release|Any CPU.ActiveCfg = Release|Any CPU
		{7DE47032-A904-4C29-BD22-2D235E8D91BA}.Release|Any CPU.Build.0 = Release|Any CPU
		{7DE47032-A904-4C29-BD22-2D235E8D91BA}.Release|Net35.ActiveCfg = Release|Any CPU
		{7DE47032-A904-4C29-BD22-2D235E8D91BA}.Release|Net35.Build.0 = Release|Any CPU
		{7DE47032-A904-4C29-BD22-2D235E8D91BA}.Release|Net40.ActiveCfg = Release|Any CPU
		{7DE47032-A904-4C29-BD22-2D235E8D91BA}.Release|Net40.Build.0 = Release|Any CPU
		{7DE47032-A904-4C29-BD22-2D235E8D91BA}.Release|WithNRefactory.ActiveCfg = Release|Any CPU
		{7DE47032-A904-4C29-BD22-2D235E8D91BA}.Release|WithNRefactory.Build.0 = Release|Any CPU
		{7DE47032-A904-4C29-BD22-2D235E8D91BA}.Release|x86.ActiveCfg = Release|Any CPU
		{7DE47032-A904-4C29-BD22-2D235E8D91BA}.Release|x86.Build.0 = Release|Any CPU
		{87A71215-7CAC-4B80-9D43-1700DECFB828}.Debug|Any CPU.ActiveCfg = Debug|Any CPU
		{87A71215-7CAC-4B80-9D43-1700DECFB828}.Debug|Any CPU.Build.0 = Debug|Any CPU
		{87A71215-7CAC-4B80-9D43-1700DECFB828}.Debug|Net35.ActiveCfg = Debug|Any CPU
		{87A71215-7CAC-4B80-9D43-1700DECFB828}.Debug|Net35.Build.0 = Debug|Any CPU
		{87A71215-7CAC-4B80-9D43-1700DECFB828}.Debug|Net40.ActiveCfg = Debug|Any CPU
		{87A71215-7CAC-4B80-9D43-1700DECFB828}.Debug|Net40.Build.0 = Debug|Any CPU
		{87A71215-7CAC-4B80-9D43-1700DECFB828}.Debug|WithNRefactory.ActiveCfg = Debug|Any CPU
		{87A71215-7CAC-4B80-9D43-1700DECFB828}.Debug|WithNRefactory.Build.0 = Debug|Any CPU
		{87A71215-7CAC-4B80-9D43-1700DECFB828}.Debug|x86.ActiveCfg = Debug|Any CPU
		{87A71215-7CAC-4B80-9D43-1700DECFB828}.Debug|x86.Build.0 = Debug|Any CPU
		{87A71215-7CAC-4B80-9D43-1700DECFB828}.Release|Any CPU.ActiveCfg = Release|Any CPU
		{87A71215-7CAC-4B80-9D43-1700DECFB828}.Release|Any CPU.Build.0 = Release|Any CPU
		{87A71215-7CAC-4B80-9D43-1700DECFB828}.Release|Net35.ActiveCfg = Release|Any CPU
		{87A71215-7CAC-4B80-9D43-1700DECFB828}.Release|Net35.Build.0 = Release|Any CPU
		{87A71215-7CAC-4B80-9D43-1700DECFB828}.Release|Net40.ActiveCfg = Release|Any CPU
		{87A71215-7CAC-4B80-9D43-1700DECFB828}.Release|Net40.Build.0 = Release|Any CPU
		{87A71215-7CAC-4B80-9D43-1700DECFB828}.Release|WithNRefactory.ActiveCfg = Release|Any CPU
		{87A71215-7CAC-4B80-9D43-1700DECFB828}.Release|WithNRefactory.Build.0 = Release|Any CPU
		{87A71215-7CAC-4B80-9D43-1700DECFB828}.Release|x86.ActiveCfg = Release|Any CPU
		{87A71215-7CAC-4B80-9D43-1700DECFB828}.Release|x86.Build.0 = Release|Any CPU
		{46474D32-2E58-6957-6E64-6F7773324D47}.Debug|Any CPU.ActiveCfg = Debug|Any CPU
		{46474D32-2E58-6957-6E64-6F7773324D47}.Debug|Any CPU.Build.0 = Debug|Any CPU
		{46474D32-2E58-6957-6E64-6F7773324D47}.Debug|Net35.ActiveCfg = Debug|Any CPU
		{46474D32-2E58-6957-6E64-6F7773324D47}.Debug|Net35.Build.0 = Debug|Any CPU
		{46474D32-2E58-6957-6E64-6F7773324D47}.Debug|Net40.ActiveCfg = Debug|Any CPU
		{46474D32-2E58-6957-6E64-6F7773324D47}.Debug|Net40.Build.0 = Debug|Any CPU
		{46474D32-2E58-6957-6E64-6F7773324D47}.Debug|WithNRefactory.ActiveCfg = Debug|Any CPU
		{46474D32-2E58-6957-6E64-6F7773324D47}.Debug|WithNRefactory.Build.0 = Debug|Any CPU
		{46474D32-2E58-6957-6E64-6F7773324D47}.Debug|x86.ActiveCfg = Debug|Any CPU
		{46474D32-2E58-6957-6E64-6F7773324D47}.Debug|x86.Build.0 = Debug|Any CPU
		{46474D32-2E58-6957-6E64-6F7773324D47}.Release|Any CPU.ActiveCfg = Release|Any CPU
		{46474D32-2E58-6957-6E64-6F7773324D47}.Release|Any CPU.Build.0 = Release|Any CPU
		{46474D32-2E58-6957-6E64-6F7773324D47}.Release|Net35.ActiveCfg = Release|Any CPU
		{46474D32-2E58-6957-6E64-6F7773324D47}.Release|Net35.Build.0 = Release|Any CPU
		{46474D32-2E58-6957-6E64-6F7773324D47}.Release|Net40.ActiveCfg = Release|Any CPU
		{46474D32-2E58-6957-6E64-6F7773324D47}.Release|Net40.Build.0 = Release|Any CPU
		{46474D32-2E58-6957-6E64-6F7773324D47}.Release|WithNRefactory.ActiveCfg = Release|Any CPU
		{46474D32-2E58-6957-6E64-6F7773324D47}.Release|WithNRefactory.Build.0 = Release|Any CPU
		{46474D32-2E58-6957-6E64-6F7773324D47}.Release|x86.ActiveCfg = Release|Any CPU
		{46474D32-2E58-6957-6E64-6F7773324D47}.Release|x86.Build.0 = Release|Any CPU
		{4243474D-572E-6E69-646F-77734D474342}.Debug|Any CPU.ActiveCfg = Debug|Any CPU
		{4243474D-572E-6E69-646F-77734D474342}.Debug|Any CPU.Build.0 = Debug|Any CPU
		{4243474D-572E-6E69-646F-77734D474342}.Debug|Net35.ActiveCfg = Debug|Any CPU
		{4243474D-572E-6E69-646F-77734D474342}.Debug|Net35.Build.0 = Debug|Any CPU
		{4243474D-572E-6E69-646F-77734D474342}.Debug|Net40.ActiveCfg = Debug|Any CPU
		{4243474D-572E-6E69-646F-77734D474342}.Debug|Net40.Build.0 = Debug|Any CPU
		{4243474D-572E-6E69-646F-77734D474342}.Debug|WithNRefactory.ActiveCfg = Debug|Any CPU
		{4243474D-572E-6E69-646F-77734D474342}.Debug|WithNRefactory.Build.0 = Debug|Any CPU
		{4243474D-572E-6E69-646F-77734D474342}.Debug|x86.ActiveCfg = Debug|Any CPU
		{4243474D-572E-6E69-646F-77734D474342}.Debug|x86.Build.0 = Debug|Any CPU
		{4243474D-572E-6E69-646F-77734D474342}.Release|Any CPU.ActiveCfg = Release|Any CPU
		{4243474D-572E-6E69-646F-77734D474342}.Release|Any CPU.Build.0 = Release|Any CPU
		{4243474D-572E-6E69-646F-77734D474342}.Release|Net35.ActiveCfg = Release|Any CPU
		{4243474D-572E-6E69-646F-77734D474342}.Release|Net35.Build.0 = Release|Any CPU
		{4243474D-572E-6E69-646F-77734D474342}.Release|Net40.ActiveCfg = Release|Any CPU
		{4243474D-572E-6E69-646F-77734D474342}.Release|Net40.Build.0 = Release|Any CPU
		{4243474D-572E-6E69-646F-77734D474342}.Release|WithNRefactory.ActiveCfg = Release|Any CPU
		{4243474D-572E-6E69-646F-77734D474342}.Release|WithNRefactory.Build.0 = Release|Any CPU
		{4243474D-572E-6E69-646F-77734D474342}.Release|x86.ActiveCfg = Release|Any CPU
		{4243474D-572E-6E69-646F-77734D474342}.Release|x86.Build.0 = Release|Any CPU
		{E2D9E2AE-B875-D3D6-92B1-ECDC6C642E54}.Debug|Any CPU.ActiveCfg = Debug|Any CPU
		{E2D9E2AE-B875-D3D6-92B1-ECDC6C642E54}.Debug|Any CPU.Build.0 = Debug|Any CPU
		{E2D9E2AE-B875-D3D6-92B1-ECDC6C642E54}.Debug|Net35.ActiveCfg = Debug|Any CPU
		{E2D9E2AE-B875-D3D6-92B1-ECDC6C642E54}.Debug|Net35.Build.0 = Debug|Any CPU
		{E2D9E2AE-B875-D3D6-92B1-ECDC6C642E54}.Debug|Net40.ActiveCfg = Debug|Any CPU
		{E2D9E2AE-B875-D3D6-92B1-ECDC6C642E54}.Debug|Net40.Build.0 = Debug|Any CPU
		{E2D9E2AE-B875-D3D6-92B1-ECDC6C642E54}.Debug|WithNRefactory.ActiveCfg = Debug|Any CPU
		{E2D9E2AE-B875-D3D6-92B1-ECDC6C642E54}.Debug|WithNRefactory.Build.0 = Debug|Any CPU
		{E2D9E2AE-B875-D3D6-92B1-ECDC6C642E54}.Debug|x86.ActiveCfg = Debug|Any CPU
		{E2D9E2AE-B875-D3D6-92B1-ECDC6C642E54}.Debug|x86.Build.0 = Debug|Any CPU
		{E2D9E2AE-B875-D3D6-92B1-ECDC6C642E54}.Release|Any CPU.ActiveCfg = Release|Any CPU
		{E2D9E2AE-B875-D3D6-92B1-ECDC6C642E54}.Release|Any CPU.Build.0 = Release|Any CPU
		{E2D9E2AE-B875-D3D6-92B1-ECDC6C642E54}.Release|Net35.ActiveCfg = Release|Any CPU
		{E2D9E2AE-B875-D3D6-92B1-ECDC6C642E54}.Release|Net35.Build.0 = Release|Any CPU
		{E2D9E2AE-B875-D3D6-92B1-ECDC6C642E54}.Release|Net40.ActiveCfg = Release|Any CPU
		{E2D9E2AE-B875-D3D6-92B1-ECDC6C642E54}.Release|Net40.Build.0 = Release|Any CPU
		{E2D9E2AE-B875-D3D6-92B1-ECDC6C642E54}.Release|WithNRefactory.ActiveCfg = Release|Any CPU
		{E2D9E2AE-B875-D3D6-92B1-ECDC6C642E54}.Release|WithNRefactory.Build.0 = Release|Any CPU
		{E2D9E2AE-B875-D3D6-92B1-ECDC6C642E54}.Release|x86.ActiveCfg = Release|Any CPU
		{E2D9E2AE-B875-D3D6-92B1-ECDC6C642E54}.Release|x86.Build.0 = Release|Any CPU
		{E100BB75-F1B3-466D-AE75-787762623928}.Debug|Any CPU.ActiveCfg = Debug|Any CPU
		{E100BB75-F1B3-466D-AE75-787762623928}.Debug|Any CPU.Build.0 = Debug|Any CPU
		{E100BB75-F1B3-466D-AE75-787762623928}.Debug|Net35.ActiveCfg = Debug|Any CPU
		{E100BB75-F1B3-466D-AE75-787762623928}.Debug|Net35.Build.0 = Debug|Any CPU
		{E100BB75-F1B3-466D-AE75-787762623928}.Debug|Net40.ActiveCfg = Debug|Any CPU
		{E100BB75-F1B3-466D-AE75-787762623928}.Debug|Net40.Build.0 = Debug|Any CPU
		{E100BB75-F1B3-466D-AE75-787762623928}.Debug|WithNRefactory.ActiveCfg = Debug|Any CPU
		{E100BB75-F1B3-466D-AE75-787762623928}.Debug|WithNRefactory.Build.0 = Debug|Any CPU
		{E100BB75-F1B3-466D-AE75-787762623928}.Debug|x86.ActiveCfg = Debug|Any CPU
		{E100BB75-F1B3-466D-AE75-787762623928}.Debug|x86.Build.0 = Debug|Any CPU
		{E100BB75-F1B3-466D-AE75-787762623928}.Release|Any CPU.ActiveCfg = Release|Any CPU
		{E100BB75-F1B3-466D-AE75-787762623928}.Release|Any CPU.Build.0 = Release|Any CPU
		{E100BB75-F1B3-466D-AE75-787762623928}.Release|Net35.ActiveCfg = Release|Any CPU
		{E100BB75-F1B3-466D-AE75-787762623928}.Release|Net35.Build.0 = Release|Any CPU
		{E100BB75-F1B3-466D-AE75-787762623928}.Release|Net40.ActiveCfg = Release|Any CPU
		{E100BB75-F1B3-466D-AE75-787762623928}.Release|Net40.Build.0 = Release|Any CPU
		{E100BB75-F1B3-466D-AE75-787762623928}.Release|WithNRefactory.ActiveCfg = Release|Any CPU
		{E100BB75-F1B3-466D-AE75-787762623928}.Release|WithNRefactory.Build.0 = Release|Any CPU
		{E100BB75-F1B3-466D-AE75-787762623928}.Release|x86.ActiveCfg = Release|Any CPU
		{E100BB75-F1B3-466D-AE75-787762623928}.Release|x86.Build.0 = Release|Any CPU
		{40735DB6-0F84-4669-9059-DE9193CACE97}.Debug|Any CPU.ActiveCfg = Debug|Any CPU
		{40735DB6-0F84-4669-9059-DE9193CACE97}.Debug|Any CPU.Build.0 = Debug|Any CPU
		{40735DB6-0F84-4669-9059-DE9193CACE97}.Debug|Net35.ActiveCfg = Debug|Any CPU
		{40735DB6-0F84-4669-9059-DE9193CACE97}.Debug|Net35.Build.0 = Debug|Any CPU
		{40735DB6-0F84-4669-9059-DE9193CACE97}.Debug|Net40.ActiveCfg = Debug|Any CPU
		{40735DB6-0F84-4669-9059-DE9193CACE97}.Debug|Net40.Build.0 = Debug|Any CPU
		{40735DB6-0F84-4669-9059-DE9193CACE97}.Debug|WithNRefactory.ActiveCfg = Debug|Any CPU
		{40735DB6-0F84-4669-9059-DE9193CACE97}.Debug|WithNRefactory.Build.0 = Debug|Any CPU
		{40735DB6-0F84-4669-9059-DE9193CACE97}.Debug|x86.ActiveCfg = Debug|Any CPU
		{40735DB6-0F84-4669-9059-DE9193CACE97}.Debug|x86.Build.0 = Debug|Any CPU
		{40735DB6-0F84-4669-9059-DE9193CACE97}.Release|Any CPU.ActiveCfg = Release|Any CPU
		{40735DB6-0F84-4669-9059-DE9193CACE97}.Release|Any CPU.Build.0 = Release|Any CPU
		{40735DB6-0F84-4669-9059-DE9193CACE97}.Release|Net35.ActiveCfg = Release|Any CPU
		{40735DB6-0F84-4669-9059-DE9193CACE97}.Release|Net35.Build.0 = Release|Any CPU
		{40735DB6-0F84-4669-9059-DE9193CACE97}.Release|Net40.ActiveCfg = Release|Any CPU
		{40735DB6-0F84-4669-9059-DE9193CACE97}.Release|Net40.Build.0 = Release|Any CPU
		{40735DB6-0F84-4669-9059-DE9193CACE97}.Release|WithNRefactory.ActiveCfg = Release|Any CPU
		{40735DB6-0F84-4669-9059-DE9193CACE97}.Release|WithNRefactory.Build.0 = Release|Any CPU
		{40735DB6-0F84-4669-9059-DE9193CACE97}.Release|x86.ActiveCfg = Release|Any CPU
		{40735DB6-0F84-4669-9059-DE9193CACE97}.Release|x86.Build.0 = Release|Any CPU
		{B6896C0B-808F-4FD6-971B-EB23E3061097}.Debug|Any CPU.ActiveCfg = Debug|Any CPU
		{B6896C0B-808F-4FD6-971B-EB23E3061097}.Debug|Any CPU.Build.0 = Debug|Any CPU
		{B6896C0B-808F-4FD6-971B-EB23E3061097}.Debug|Net35.ActiveCfg = Debug|Any CPU
		{B6896C0B-808F-4FD6-971B-EB23E3061097}.Debug|Net35.Build.0 = Debug|Any CPU
		{B6896C0B-808F-4FD6-971B-EB23E3061097}.Debug|Net40.ActiveCfg = Debug|Any CPU
		{B6896C0B-808F-4FD6-971B-EB23E3061097}.Debug|Net40.Build.0 = Debug|Any CPU
		{B6896C0B-808F-4FD6-971B-EB23E3061097}.Debug|WithNRefactory.ActiveCfg = Debug|Any CPU
		{B6896C0B-808F-4FD6-971B-EB23E3061097}.Debug|WithNRefactory.Build.0 = Debug|Any CPU
		{B6896C0B-808F-4FD6-971B-EB23E3061097}.Debug|x86.ActiveCfg = Debug|Any CPU
		{B6896C0B-808F-4FD6-971B-EB23E3061097}.Debug|x86.Build.0 = Debug|Any CPU
		{B6896C0B-808F-4FD6-971B-EB23E3061097}.Release|Any CPU.ActiveCfg = Release|Any CPU
		{B6896C0B-808F-4FD6-971B-EB23E3061097}.Release|Any CPU.Build.0 = Release|Any CPU
		{B6896C0B-808F-4FD6-971B-EB23E3061097}.Release|Net35.ActiveCfg = Release|Any CPU
		{B6896C0B-808F-4FD6-971B-EB23E3061097}.Release|Net35.Build.0 = Release|Any CPU
		{B6896C0B-808F-4FD6-971B-EB23E3061097}.Release|Net40.ActiveCfg = Release|Any CPU
		{B6896C0B-808F-4FD6-971B-EB23E3061097}.Release|Net40.Build.0 = Release|Any CPU
		{B6896C0B-808F-4FD6-971B-EB23E3061097}.Release|WithNRefactory.ActiveCfg = Release|Any CPU
		{B6896C0B-808F-4FD6-971B-EB23E3061097}.Release|WithNRefactory.Build.0 = Release|Any CPU
		{B6896C0B-808F-4FD6-971B-EB23E3061097}.Release|x86.ActiveCfg = Release|Any CPU
		{B6896C0B-808F-4FD6-971B-EB23E3061097}.Release|x86.Build.0 = Release|Any CPU
		{FF6E0017-D07A-427B-BBEE-98BC143FF16E}.Debug|Any CPU.ActiveCfg = Debug|Any CPU
		{FF6E0017-D07A-427B-BBEE-98BC143FF16E}.Debug|Any CPU.Build.0 = Debug|Any CPU
		{FF6E0017-D07A-427B-BBEE-98BC143FF16E}.Debug|Net35.ActiveCfg = Debug|Any CPU
		{FF6E0017-D07A-427B-BBEE-98BC143FF16E}.Debug|Net35.Build.0 = Debug|Any CPU
		{FF6E0017-D07A-427B-BBEE-98BC143FF16E}.Debug|Net40.ActiveCfg = Debug|Any CPU
		{FF6E0017-D07A-427B-BBEE-98BC143FF16E}.Debug|Net40.Build.0 = Debug|Any CPU
		{FF6E0017-D07A-427B-BBEE-98BC143FF16E}.Debug|WithNRefactory.ActiveCfg = Debug|Any CPU
		{FF6E0017-D07A-427B-BBEE-98BC143FF16E}.Debug|WithNRefactory.Build.0 = Debug|Any CPU
		{FF6E0017-D07A-427B-BBEE-98BC143FF16E}.Debug|x86.ActiveCfg = Debug|Any CPU
		{FF6E0017-D07A-427B-BBEE-98BC143FF16E}.Debug|x86.Build.0 = Debug|Any CPU
		{FF6E0017-D07A-427B-BBEE-98BC143FF16E}.Release|Any CPU.ActiveCfg = Release|Any CPU
		{FF6E0017-D07A-427B-BBEE-98BC143FF16E}.Release|Any CPU.Build.0 = Release|Any CPU
		{FF6E0017-D07A-427B-BBEE-98BC143FF16E}.Release|Net35.ActiveCfg = Release|Any CPU
		{FF6E0017-D07A-427B-BBEE-98BC143FF16E}.Release|Net35.Build.0 = Release|Any CPU
		{FF6E0017-D07A-427B-BBEE-98BC143FF16E}.Release|Net40.ActiveCfg = Release|Any CPU
		{FF6E0017-D07A-427B-BBEE-98BC143FF16E}.Release|Net40.Build.0 = Release|Any CPU
		{FF6E0017-D07A-427B-BBEE-98BC143FF16E}.Release|WithNRefactory.ActiveCfg = Release|Any CPU
		{FF6E0017-D07A-427B-BBEE-98BC143FF16E}.Release|WithNRefactory.Build.0 = Release|Any CPU
		{FF6E0017-D07A-427B-BBEE-98BC143FF16E}.Release|x86.ActiveCfg = Release|Any CPU
		{FF6E0017-D07A-427B-BBEE-98BC143FF16E}.Release|x86.Build.0 = Release|Any CPU
		{B950DE10-AC5D-4BD9-B817-51247C4A732D}.Debug|Any CPU.ActiveCfg = Debug|Any CPU
		{B950DE10-AC5D-4BD9-B817-51247C4A732D}.Debug|Any CPU.Build.0 = Debug|Any CPU
		{B950DE10-AC5D-4BD9-B817-51247C4A732D}.Debug|Net35.ActiveCfg = Debug|Any CPU
		{B950DE10-AC5D-4BD9-B817-51247C4A732D}.Debug|Net35.Build.0 = Debug|Any CPU
		{B950DE10-AC5D-4BD9-B817-51247C4A732D}.Debug|Net40.ActiveCfg = Debug|Any CPU
		{B950DE10-AC5D-4BD9-B817-51247C4A732D}.Debug|Net40.Build.0 = Debug|Any CPU
		{B950DE10-AC5D-4BD9-B817-51247C4A732D}.Debug|WithNRefactory.ActiveCfg = Debug|Any CPU
		{B950DE10-AC5D-4BD9-B817-51247C4A732D}.Debug|WithNRefactory.Build.0 = Debug|Any CPU
		{B950DE10-AC5D-4BD9-B817-51247C4A732D}.Debug|x86.ActiveCfg = Debug|Any CPU
		{B950DE10-AC5D-4BD9-B817-51247C4A732D}.Debug|x86.Build.0 = Debug|Any CPU
		{B950DE10-AC5D-4BD9-B817-51247C4A732D}.Release|Any CPU.ActiveCfg = Release|Any CPU
		{B950DE10-AC5D-4BD9-B817-51247C4A732D}.Release|Any CPU.Build.0 = Release|Any CPU
		{B950DE10-AC5D-4BD9-B817-51247C4A732D}.Release|Net35.ActiveCfg = Release|Any CPU
		{B950DE10-AC5D-4BD9-B817-51247C4A732D}.Release|Net35.Build.0 = Release|Any CPU
		{B950DE10-AC5D-4BD9-B817-51247C4A732D}.Release|Net40.ActiveCfg = Release|Any CPU
		{B950DE10-AC5D-4BD9-B817-51247C4A732D}.Release|Net40.Build.0 = Release|Any CPU
		{B950DE10-AC5D-4BD9-B817-51247C4A732D}.Release|WithNRefactory.ActiveCfg = Release|Any CPU
		{B950DE10-AC5D-4BD9-B817-51247C4A732D}.Release|WithNRefactory.Build.0 = Release|Any CPU
		{B950DE10-AC5D-4BD9-B817-51247C4A732D}.Release|x86.ActiveCfg = Release|Any CPU
		{B950DE10-AC5D-4BD9-B817-51247C4A732D}.Release|x86.Build.0 = Release|Any CPU
		{AE483C29-042E-4226-BA52-D247CE7676DA}.Debug|Any CPU.ActiveCfg = Debug|Any CPU
		{AE483C29-042E-4226-BA52-D247CE7676DA}.Debug|Any CPU.Build.0 = Debug|Any CPU
		{AE483C29-042E-4226-BA52-D247CE7676DA}.Debug|Net35.ActiveCfg = Debug|Any CPU
		{AE483C29-042E-4226-BA52-D247CE7676DA}.Debug|Net35.Build.0 = Debug|Any CPU
		{AE483C29-042E-4226-BA52-D247CE7676DA}.Debug|Net40.ActiveCfg = Debug|Any CPU
		{AE483C29-042E-4226-BA52-D247CE7676DA}.Debug|Net40.Build.0 = Debug|Any CPU
		{AE483C29-042E-4226-BA52-D247CE7676DA}.Debug|WithNRefactory.ActiveCfg = Debug|Any CPU
		{AE483C29-042E-4226-BA52-D247CE7676DA}.Debug|WithNRefactory.Build.0 = Debug|Any CPU
		{AE483C29-042E-4226-BA52-D247CE7676DA}.Debug|x86.ActiveCfg = Debug|Any CPU
		{AE483C29-042E-4226-BA52-D247CE7676DA}.Debug|x86.Build.0 = Debug|Any CPU
		{AE483C29-042E-4226-BA52-D247CE7676DA}.Release|Any CPU.ActiveCfg = Release|Any CPU
		{AE483C29-042E-4226-BA52-D247CE7676DA}.Release|Any CPU.Build.0 = Release|Any CPU
		{AE483C29-042E-4226-BA52-D247CE7676DA}.Release|Net35.ActiveCfg = Release|Any CPU
		{AE483C29-042E-4226-BA52-D247CE7676DA}.Release|Net35.Build.0 = Release|Any CPU
		{AE483C29-042E-4226-BA52-D247CE7676DA}.Release|Net40.ActiveCfg = Release|Any CPU
		{AE483C29-042E-4226-BA52-D247CE7676DA}.Release|Net40.Build.0 = Release|Any CPU
		{AE483C29-042E-4226-BA52-D247CE7676DA}.Release|WithNRefactory.ActiveCfg = Release|Any CPU
		{AE483C29-042E-4226-BA52-D247CE7676DA}.Release|WithNRefactory.Build.0 = Release|Any CPU
		{AE483C29-042E-4226-BA52-D247CE7676DA}.Release|x86.ActiveCfg = Release|Any CPU
		{AE483C29-042E-4226-BA52-D247CE7676DA}.Release|x86.Build.0 = Release|Any CPU
		{6C55B776-26D4-4DB3-A6AB-87E783B2F3D1}.Debug|Any CPU.ActiveCfg = Release|Net40
		{6C55B776-26D4-4DB3-A6AB-87E783B2F3D1}.Debug|Any CPU.Build.0 = Release|Net40
		{6C55B776-26D4-4DB3-A6AB-87E783B2F3D1}.Debug|Net35.ActiveCfg = Debug|Net35
		{6C55B776-26D4-4DB3-A6AB-87E783B2F3D1}.Debug|Net35.Build.0 = Debug|Net35
		{6C55B776-26D4-4DB3-A6AB-87E783B2F3D1}.Debug|Net40.ActiveCfg = Debug|Net40
		{6C55B776-26D4-4DB3-A6AB-87E783B2F3D1}.Debug|Net40.Build.0 = Debug|Net40
		{6C55B776-26D4-4DB3-A6AB-87E783B2F3D1}.Debug|WithNRefactory.ActiveCfg = Debug|WithNRefactory
		{6C55B776-26D4-4DB3-A6AB-87E783B2F3D1}.Debug|WithNRefactory.Build.0 = Debug|WithNRefactory
		{6C55B776-26D4-4DB3-A6AB-87E783B2F3D1}.Debug|x86.ActiveCfg = Debug|WithNRefactory
		{6C55B776-26D4-4DB3-A6AB-87E783B2F3D1}.Release|Any CPU.ActiveCfg = Release|WithNRefactory
		{6C55B776-26D4-4DB3-A6AB-87E783B2F3D1}.Release|Net35.ActiveCfg = Release|Net35
		{6C55B776-26D4-4DB3-A6AB-87E783B2F3D1}.Release|Net35.Build.0 = Release|Net35
		{6C55B776-26D4-4DB3-A6AB-87E783B2F3D1}.Release|Net40.ActiveCfg = Release|Net40
		{6C55B776-26D4-4DB3-A6AB-87E783B2F3D1}.Release|Net40.Build.0 = Release|Net40
		{6C55B776-26D4-4DB3-A6AB-87E783B2F3D1}.Release|WithNRefactory.ActiveCfg = Release|WithNRefactory
		{6C55B776-26D4-4DB3-A6AB-87E783B2F3D1}.Release|WithNRefactory.Build.0 = Release|WithNRefactory
		{6C55B776-26D4-4DB3-A6AB-87E783B2F3D1}.Release|x86.ActiveCfg = Release|Net35
		{B06E505C-EFEA-437A-87E9-A18E856DB779}.Debug|Any CPU.ActiveCfg = Debug|x86
		{B06E505C-EFEA-437A-87E9-A18E856DB779}.Debug|Any CPU.Build.0 = Debug|x86
		{B06E505C-EFEA-437A-87E9-A18E856DB779}.Debug|Net35.ActiveCfg = Debug|x86
		{B06E505C-EFEA-437A-87E9-A18E856DB779}.Debug|Net40.ActiveCfg = Debug|x86
		{B06E505C-EFEA-437A-87E9-A18E856DB779}.Debug|WithNRefactory.ActiveCfg = Debug|x86
		{B06E505C-EFEA-437A-87E9-A18E856DB779}.Debug|x86.ActiveCfg = Debug|x86
		{B06E505C-EFEA-437A-87E9-A18E856DB779}.Debug|x86.Build.0 = Debug|x86
		{B06E505C-EFEA-437A-87E9-A18E856DB779}.Release|Any CPU.ActiveCfg = Release|x86
		{B06E505C-EFEA-437A-87E9-A18E856DB779}.Release|Net35.ActiveCfg = Release|x86
		{B06E505C-EFEA-437A-87E9-A18E856DB779}.Release|Net40.ActiveCfg = Release|x86
		{B06E505C-EFEA-437A-87E9-A18E856DB779}.Release|WithNRefactory.ActiveCfg = Release|x86
		{B06E505C-EFEA-437A-87E9-A18E856DB779}.Release|x86.ActiveCfg = Release|x86
		{B06E505C-EFEA-437A-87E9-A18E856DB779}.Release|x86.Build.0 = Release|x86
		{809F0D79-AEDC-4754-A213-FDBE97CCD6D6}.Debug|Any CPU.ActiveCfg = Debug|Any CPU
		{809F0D79-AEDC-4754-A213-FDBE97CCD6D6}.Debug|Any CPU.Build.0 = Debug|Any CPU
		{809F0D79-AEDC-4754-A213-FDBE97CCD6D6}.Debug|Net35.ActiveCfg = Debug|Any CPU
		{809F0D79-AEDC-4754-A213-FDBE97CCD6D6}.Debug|Net35.Build.0 = Debug|Any CPU
		{809F0D79-AEDC-4754-A213-FDBE97CCD6D6}.Debug|Net40.ActiveCfg = Debug|Any CPU
		{809F0D79-AEDC-4754-A213-FDBE97CCD6D6}.Debug|Net40.Build.0 = Debug|Any CPU
		{809F0D79-AEDC-4754-A213-FDBE97CCD6D6}.Debug|WithNRefactory.ActiveCfg = Debug|Any CPU
		{809F0D79-AEDC-4754-A213-FDBE97CCD6D6}.Debug|WithNRefactory.Build.0 = Debug|Any CPU
		{809F0D79-AEDC-4754-A213-FDBE97CCD6D6}.Debug|x86.ActiveCfg = Debug|Any CPU
		{809F0D79-AEDC-4754-A213-FDBE97CCD6D6}.Debug|x86.Build.0 = Debug|Any CPU
		{809F0D79-AEDC-4754-A213-FDBE97CCD6D6}.Release|Any CPU.ActiveCfg = Release|Any CPU
		{809F0D79-AEDC-4754-A213-FDBE97CCD6D6}.Release|Any CPU.Build.0 = Release|Any CPU
		{809F0D79-AEDC-4754-A213-FDBE97CCD6D6}.Release|Net35.ActiveCfg = Release|Any CPU
		{809F0D79-AEDC-4754-A213-FDBE97CCD6D6}.Release|Net35.Build.0 = Release|Any CPU
		{809F0D79-AEDC-4754-A213-FDBE97CCD6D6}.Release|Net40.ActiveCfg = Release|Any CPU
		{809F0D79-AEDC-4754-A213-FDBE97CCD6D6}.Release|Net40.Build.0 = Release|Any CPU
		{809F0D79-AEDC-4754-A213-FDBE97CCD6D6}.Release|WithNRefactory.ActiveCfg = Release|Any CPU
		{809F0D79-AEDC-4754-A213-FDBE97CCD6D6}.Release|WithNRefactory.Build.0 = Release|Any CPU
		{809F0D79-AEDC-4754-A213-FDBE97CCD6D6}.Release|x86.ActiveCfg = Release|Any CPU
		{809F0D79-AEDC-4754-A213-FDBE97CCD6D6}.Release|x86.Build.0 = Release|Any CPU
	EndGlobalSection
	GlobalSection(SolutionProperties) = preSolution
		HideSolutionNode = FALSE
	EndGlobalSection
	GlobalSection(NestedProjects) = preSolution
		{24B5F484-A1E1-4304-AAC8-3A2C32F3431E} = {5F8DBCC2-C337-467D-933B-C149B081C11B}
		{4C59730B-D044-41EC-82C8-12323C3963A3} = {5F8DBCC2-C337-467D-933B-C149B081C11B}
		{F5C90493-AE59-4776-9AE0-0C0328C7C402} = {5F8DBCC2-C337-467D-933B-C149B081C11B}
		{9BF5E6B3-9380-4862-B733-8BCDB8FC02B6} = {5F8DBCC2-C337-467D-933B-C149B081C11B}
		{B59F8D5A-2CD5-46C5-A22A-62B2CA0DAFCD} = {5F8DBCC2-C337-467D-933B-C149B081C11B}
		{7DE47032-A904-4C29-BD22-2D235E8D91BA} = {BB51ED6D-A6E4-41D5-ACF6-429F77D32189}
		{87A71215-7CAC-4B80-9D43-1700DECFB828} = {BB51ED6D-A6E4-41D5-ACF6-429F77D32189}
		{46474D32-2E58-6957-6E64-6F7773324D47} = {BB51ED6D-A6E4-41D5-ACF6-429F77D32189}
		{4243474D-572E-6E69-646F-77734D474342} = {BB51ED6D-A6E4-41D5-ACF6-429F77D32189}
		{E2D9E2AE-B875-D3D6-92B1-ECDC6C642E54} = {BB51ED6D-A6E4-41D5-ACF6-429F77D32189}
		{E100BB75-F1B3-466D-AE75-787762623928} = {D97FB705-F3AD-40DD-BC75-5F03D4A29E45}
		{40735DB6-0F84-4669-9059-DE9193CACE97} = {D97FB705-F3AD-40DD-BC75-5F03D4A29E45}
		{B6896C0B-808F-4FD6-971B-EB23E3061097} = {C8437275-41D2-42D4-A153-8678FA957468}
		{FF6E0017-D07A-427B-BBEE-98BC143FF16E} = {5F8DBCC2-C337-467D-933B-C149B081C11B}
		{B950DE10-AC5D-4BD9-B817-51247C4A732D} = {BB51ED6D-A6E4-41D5-ACF6-429F77D32189}
		{AE483C29-042E-4226-BA52-D247CE7676DA} = {BB51ED6D-A6E4-41D5-ACF6-429F77D32189}
		{6C55B776-26D4-4DB3-A6AB-87E783B2F3D1} = {AA5129B4-036D-42D6-8950-1144E8131BD3}
		{809F0D79-AEDC-4754-A213-FDBE97CCD6D6} = {0E10A6BE-5220-4350-BC3F-3BE29D013FC2}
	EndGlobalSection
	GlobalSection(ExtensibilityGlobals) = postSolution
		SolutionGuid = {8BFFAB2F-A6BB-4018-889C-B85616A5EEC0}
	EndGlobalSection
EndGlobal
